
Microsoft Visual Studio Solution File, Format Version 12.00
# Visual Studio 15
Project("{FAE04EC0-301F-11D3-BF4B-00C04F79EFBC}") = "Assembly-CSharp", "Assembly-CSharp.csproj", "{9B044978-A598-C029-A07D-EA48767C1722}"
EndProject
Project("{FAE04EC0-301F-11D3-BF4B-00C04F79EFBC}") = "Assembly-CSharp-Editor", "Assembly-CSharp-Editor.csproj", "{D3A1EDC4-D63C-E204-E691-93F104D2DBC6}"
EndProject
Global
	GlobalSection(SolutionConfigurationPlatforms) = preSolution
		Debug|Any CPU = Debug|Any CPU
		Release|Any CPU = Release|Any CPU
	EndGlobalSection
	GlobalSection(ProjectConfigurationPlatforms) = postSolution
		{9B044978-A598-C029-A07D-EA48767C1722}.Debug|Any CPU.ActiveCfg = Debug|Any CPU
		{9B044978-A598-C029-A07D-EA48767C1722}.Debug|Any CPU.Build.0 = Debug|Any CPU
		{9B044978-A598-C029-A07D-EA48767C1722}.Release|Any CPU.ActiveCfg = Release|Any CPU
		{9B044978-A598-C029-A07D-EA48767C1722}.Release|Any CPU.Build.0 = Release|Any CPU
		{D3A1EDC4-D63C-E204-E691-93F104D2DBC6}.Debug|Any CPU.ActiveCfg = Debug|Any CPU
		{D3A1EDC4-D63C-E204-E691-93F104D2DBC6}.Debug|Any CPU.Build.0 = Debug|Any CPU
		{D3A1EDC4-D63C-E204-E691-93F104D2DBC6}.Release|Any CPU.ActiveCfg = Release|Any CPU
		{D3A1EDC4-D63C-E204-E691-93F104D2DBC6}.Release|Any CPU.Build.0 = Release|Any CPU
	EndGlobalSection
	GlobalSection(SolutionProperties) = preSolution
		HideSolutionNode = FALSE
	EndGlobalSection
EndGlobal
